
Microsoft Visual Studio Solution File, Format Version 12.00
# Visual Studio Version 16
VisualStudioVersion = 16.0.30413.136
MinimumVisualStudioVersion = 10.0.40219.1
Project("{9A19103F-16F7-4668-BE54-9A1E7A4F7556}") = "SimpleMatrix", "SimpleMatrix\SimpleMatrix.csproj", "{5E7CD1C5-F59C-47A7-A4AE-EB5F972E9C14}"
EndProject
Global
	GlobalSection(SolutionConfigurationPlatforms) = preSolution
		Debug|Any CPU = Debug|Any CPU
		Release|Any CPU = Release|Any CPU
	EndGlobalSection
	GlobalSection(ProjectConfigurationPlatforms) = postSolution
		{5E7CD1C5-F59C-47A7-A4AE-EB5F972E9C14}.Debug|Any CPU.ActiveCfg = Debug|Any CPU
		{5E7CD1C5-F59C-47A7-A4AE-EB5F972E9C14}.Debug|Any CPU.Build.0 = Debug|Any CPU
		{5E7CD1C5-F59C-47A7-A4AE-EB5F972E9C14}.Release|Any CPU.ActiveCfg = Release|Any CPU
		{5E7CD1C5-F59C-47A7-A4AE-EB5F972E9C14}.Release|Any CPU.Build.0 = Release|Any CPU
	EndGlobalSection
	GlobalSection(SolutionProperties) = preSolution
		HideSolutionNode = FALSE
	EndGlobalSection
	GlobalSection(ExtensibilityGlobals) = postSolution
		SolutionGuid = {9A9131D6-00F1-4868-BA98-2EC50489D901}
	EndGlobalSection
EndGlobal
